# @generated - this file is auto-generated by `mise lock` https://mise.jdx.dev/dev-tools/mise-lock.html

[[tools."aqua:google/yamlfmt"]]
version = "0.21.0"
backend = "aqua:google/yamlfmt"

[[tools.gh]]
version = "2.98.0"
backend = "aqua:cli/cli"

[[tools.go]]
version = "1.26.6"
backend = "core:go"

[[tools.golangci-lint]]
version = "2.13.1"
backend = "aqua:golangci/golangci-lint"

[[tools.goreleaser]]
version = "2.17.1"
backend = "aqua:goreleaser/goreleaser"

[[tools.hk]]
version = "1.56.0"
backend = "aqua:jdx/hk"

[[tools.pkl]]
version = "0.32.1"
backend = "aqua:apple/pkl"

[[tools.rumdl]]
version = "0.2.55"
backend = "aqua:rvben/rumdl"

[[tools.shellcheck]]
version = "0.11.0"
backend = "aqua:koalaman/shellcheck"

[[tools.shfmt]]
version = "3.13.1"
backend = "aqua:mvdan/sh"

[[tools.svu]]
version = "3.4.1"
backend = "aqua:caarlos0/svu"

[[tools.taplo]]
version = "0.10.0"
backend = "aqua:tamasfe/taplo"
